
Microsoft Visual Studio Solution File, Format Version 12.00
# Visual Studio 15
VisualStudioVersion = 15.0.26730.15
MinimumVisualStudioVersion = 10.0.40219.1
Project("{8BC9CEB8-8B4A-11D0-8D11-00A0C91BC942}") = "test", "test\test.vcxproj", "{C32A1CC4-4E72-41F9-A142-C74F95F9FAEA}"
EndProject
Global
	GlobalSection(SolutionConfigurationPlatforms) = preSolution
		Debug|x64 = Debug|x64
		Debug|x86 = Debug|x86
		Release|x64 = Release|x64
		Release|x86 = Release|x86
	EndGlobalSection
	GlobalSection(ProjectConfigurationPlatforms) = postSolution
		{C32A1CC4-4E72-41F9-A142-C74F95F9FAEA}.Debug|x64.ActiveCfg = Debug|x64
		{C32A1CC4-4E72-41F9-A142-C74F95F9FAEA}.Debug|x64.Build.0 = Debug|x64
		{C32A1CC4-4E72-41F9-A142-C74F95F9FAEA}.Debug|x86.ActiveCfg = Debug|Win32
		{C32A1CC4-4E72-41F9-A142-C74F95F9FAEA}.Debug|x86.Build.0 = Debug|Win32
		{C32A1CC4-4E72-41F9-A142-C74F95F9FAEA}.Release|x64.ActiveCfg = Release|x64
		{C32A1CC4-4E72-41F9-A142-C74F95F9FAEA}.Release|x64.Build.0 = Release|x64
		{C32A1CC4-4E72-41F9-A142-C74F95F9FAEA}.Release|x86.ActiveCfg = Release|Win32
		{C32A1CC4-4E72-41F9-A142-C74F95F9FAEA}.Release|x86.Build.0 = Release|Win32
	EndGlobalSection
	GlobalSection(SolutionProperties) = preSolution
		HideSolutionNode = FALSE
	EndGlobalSection
	GlobalSection(ExtensibilityGlobals) = postSolution
		SolutionGuid = {902D7C44-3C55-430C-886C-912BEFAEE005}
	EndGlobalSection
EndGlobal
